// !$*UTF8*$!
{
	archiveVersion = 1;
	classes = {
	};
	objectVersion = 55;
	objects = {

/* Begin PBXBuildFile section */
		5AB97D37C32CC93E4120AF98 /* Pods_AGC_Crash_2.framework in Frameworks */ = {isa = PBXBuildFile; fileRef = C4849465221E15FA81836870 /* Pods_AGC_Crash_2.framework */; };
		FF64D28E2848545A00BBB576 /* agconnect-services.plist in Resources */ = {isa = PBXBuildFile; fileRef = FF64D28D2848545A00BBB576 /* agconnect-services.plist */; };
		FFA77D532840781F0058C7DD /* AppDelegate.swift in Sources */ = {isa = PBXBuildFile; fileRef = FFA77D522840781F0058C7DD /* AppDelegate.swift */; };
		FFA77D552840781F0058C7DD /* SceneDelegate.swift in Sources */ = {isa = PBXBuildFile; fileRef = FFA77D542840781F0058C7DD /* SceneDelegate.swift */; };
		FFA77D572840781F0058C7DD /* ViewController.swift in Sources */ = {isa = PBXBuildFile; fileRef = FFA77D562840781F0058C7DD /* ViewController.swift */; };
		FFA77D5A2840781F0058C7DD /* Main.storyboard in Resources */ = {isa = PBXBuildFile; fileRef = FFA77D582840781F0058C7DD /* Main.storyboard */; };
		FFA77D5C284078200058C7DD /* Assets.xcassets in Resources */ = {isa = PBXBuildFile; fileRef = FFA77D5B284078200058C7DD /* Assets.xcassets */; };
		FFA77D5F284078200058C7DD /* LaunchScreen.storyboard in Resources */ = {isa = PBXBuildFile; fileRef = FFA77D5D284078200058C7DD /* LaunchScreen.storyboard */; };
/* End PBXBuildFile section */

/* Begin PBXFileReference section */
		6B7211ECE68C46AF789775FA /* Pods-AGC-Crash-2.release.xcconfig */ = {isa = PBXFileReference; includeInIndex = 1; lastKnownFileType = text.xcconfig; name = "Pods-AGC-Crash-2.release.xcconfig"; path = "Target Support Files/Pods-AGC-Crash-2/Pods-AGC-Crash-2.release.xcconfig"; sourceTree = "<group>"; };
		7845AECF8F1C9DD3042C0D96 /* Pods-AGC-Crash-2.debug.xcconfig */ = {isa = PBXFileReference; includeInIndex = 1; lastKnownFileType = text.xcconfig; name = "Pods-AGC-Crash-2.debug.xcconfig"; path = "Target Support Files/Pods-AGC-Crash-2/Pods-AGC-Crash-2.debug.xcconfig"; sourceTree = "<group>"; };
		C4849465221E15FA81836870 /* Pods_AGC_Crash_2.framework */ = {isa = PBXFileReference; explicitFileType = wrapper.framework; includeInIndex = 0; path = Pods_AGC_Crash_2.framework; sourceTree = BUILT_PRODUCTS_DIR; };
		FF64D28D2848545A00BBB576 /* agconnect-services.plist */ = {isa = PBXFileReference; fileEncoding = 4; lastKnownFileType = text.plist.xml; path = "agconnect-services.plist"; sourceTree = "<group>"; };
		FFA77D4F2840781F0058C7DD /* AGC-Crash-2.app */ = {isa = PBXFileReference; explicitFileType = wrapper.application; includeInIndex = 0; path = "AGC-Crash-2.app"; sourceTree = BUILT_PRODUCTS_DIR; };
		FFA77D522840781F0058C7DD /* AppDelegate.swift */ = {isa = PBXFileReference; lastKnownFileType = sourcecode.swift; path = AppDelegate.swift; sourceTree = "<group>"; };
		FFA77D542840781F0058C7DD /* SceneDelegate.swift */ = {isa = PBXFileReference; lastKnownFileType = sourcecode.swift; path = SceneDelegate.swift; sourceTree = "<group>"; };
		FFA77D562840781F0058C7DD /* ViewController.swift */ = {isa = PBXFileReference; lastKnownFileType = sourcecode.swift; path = ViewController.swift; sourceTree = "<group>"; };
		FFA77D592840781F0058C7DD /* Base */ = {isa = PBXFileReference; lastKnownFileType = file.storyboard; name = Base; path = Base.lproj/Main.storyboard; sourceTree = "<group>"; };
		FFA77D5B284078200058C7DD /* Assets.xcassets */ = {isa = PBXFileReference; lastKnownFileType = folder.assetcatalog; path = Assets.xcassets; sourceTree = "<group>"; };
		FFA77D5E284078200058C7DD /* Base */ = {isa = PBXFileReference; lastKnownFileType = file.storyboard; name = Base; path = Base.lproj/LaunchScreen.storyboard; sourceTree = "<group>"; };
		FFA77D60284078200058C7DD /* Info.plist */ = {isa = PBXFileReference; lastKnownFileType = text.plist.xml; path = Info.plist; sourceTree = "<group>"; };
/* End PBXFileReference section */

/* Begin PBXFrameworksBuildPhase section */
		FFA77D4C2840781F0058C7DD /* Frameworks */ = {
			isa = PBXFrameworksBuildPhase;
			buildActionMask = 2147483647;
			files = (
				5AB97D37C32CC93E4120AF98 /* Pods_AGC_Crash_2.framework in Frameworks */,
			);
			runOnlyForDeploymentPostprocessing = 0;
		};
/* End PBXFrameworksBuildPhase section */

/* Begin PBXGroup section */
		422E4ED4BF5ECEFD8484081E /* Frameworks */ = {
			isa = PBXGroup;
			children = (
				C4849465221E15FA81836870 /* Pods_AGC_Crash_2.framework */,
			);
			name = Frameworks;
			sourceTree = "<group>";
		};
		8C0158AD944AD7A7838494EE /* Pods */ = {
			isa = PBXGroup;
			children = (
				7845AECF8F1C9DD3042C0D96 /* Pods-AGC-Crash-2.debug.xcconfig */,
				6B7211ECE68C46AF789775FA /* Pods-AGC-Crash-2.release.xcconfig */,
			);
			path = Pods;
			sourceTree = "<group>";
		};
		FFA77D462840781F0058C7DD = {
			isa = PBXGroup;
			children = (
				FFA77D512840781F0058C7DD /* AGC-Crash-2 */,
				FFA77D502840781F0058C7DD /* Products */,
				8C0158AD944AD7A7838494EE /* Pods */,
				422E4ED4BF5ECEFD8484081E /* Frameworks */,
			);
			sourceTree = "<group>";
		};
		FFA77D502840781F0058C7DD /* Products */ = {
			isa = PBXGroup;
			children = (
				FFA77D4F2840781F0058C7DD /* AGC-Crash-2.app */,
			);
			name = Products;
			sourceTree = "<group>";
		};
		FFA77D512840781F0058C7DD /* AGC-Crash-2 */ = {
			isa = PBXGroup;
			children = (
				FF64D28D2848545A00BBB576 /* agconnect-services.plist */,
				FFA77D522840781F0058C7DD /* AppDelegate.swift */,
				FFA77D542840781F0058C7DD /* SceneDelegate.swift */,
				FFA77D562840781F0058C7DD /* ViewController.swift */,
				FFA77D582840781F0058C7DD /* Main.storyboard */,
				FFA77D5B284078200058C7DD /* Assets.xcassets */,
				FFA77D5D284078200058C7DD /* LaunchScreen.storyboard */,
				FFA77D60284078200058C7DD /* Info.plist */,
			);
			path = "AGC-Crash-2";
			sourceTree = "<group>";
		};
/* End PBXGroup section */

/* Begin PBXNativeTarget section */
		FFA77D4E2840781F0058C7DD /* AGC-Crash-2 */ = {
			isa = PBXNativeTarget;
			buildConfigurationList = FFA77D63284078200058C7DD /* Build configuration list for PBXNativeTarget "AGC-Crash-2" */;
			buildPhases = (
				8F9CBA2CA74FF7F176607E1F /* [CP] Check Pods Manifest.lock */,
				FFA77D4B2840781F0058C7DD /* Sources */,
				FFA77D4C2840781F0058C7DD /* Frameworks */,
				FFA77D4D2840781F0058C7DD /* Resources */,
				061A333E84AAA68F6F78DB04 /* [CP] Copy Pods Resources */,
			);
			buildRules = (
			);
			dependencies = (
			);
			name = "AGC-Crash-2";
			productName = "AGC-Crash-2";
			productReference = FFA77D4F2840781F0058C7DD /* AGC-Crash-2.app */;
			productType = "com.apple.product-type.application";
		};
/* End PBXNativeTarget section */

/* Begin PBXProject section */
		FFA77D472840781F0058C7DD /* Project object */ = {
			isa = PBXProject;
			attributes = {
				BuildIndependentTargetsInParallel = 1;
				LastSwiftUpdateCheck = 1330;
				LastUpgradeCheck = 1330;
				TargetAttributes = {
					FFA77D4E2840781F0058C7DD = {
						CreatedOnToolsVersion = 13.3;
					};
				};
			};
			buildConfigurationList = FFA77D4A2840781F0058C7DD /* Build configuration list for PBXProject "AGC-Crash-2" */;
			compatibilityVersion = "Xcode 13.0";
			developmentRegion = en;
			hasScannedForEncodings = 0;
			knownRegions = (
				en,
				Base,
			);
			mainGroup = FFA77D462840781F0058C7DD;
			productRefGroup = FFA77D502840781F0058C7DD /* Products */;
			projectDirPath = "";
			projectRoot = "";
			targets = (
				FFA77D4E2840781F0058C7DD /* AGC-Crash-2 */,
			);
		};
/* End PBXProject section */

/* Begin PBXResourcesBuildPhase section */
		FFA77D4D2840781F0058C7DD /* Resources */ = {
			isa = PBXResourcesBuildPhase;
			buildActionMask = 2147483647;
			files = (
				FFA77D5F284078200058C7DD /* LaunchScreen.storyboard in Resources */,
				FFA77D5C284078200058C7DD /* Assets.xcassets in Resources */,
				FF64D28E2848545A00BBB576 /* agconnect-services.plist in Resources */,
				FFA77D5A2840781F0058C7DD /* Main.storyboard in Resources */,
			);
			runOnlyForDeploymentPostprocessing = 0;
		};
/* End PBXResourcesBuildPhase section */

/* Begin PBXShellScriptBuildPhase section */
		061A333E84AAA68F6F78DB04 /* [CP] Copy Pods Resources */ = {
			isa = PBXShellScriptBuildPhase;
			buildActionMask = 2147483647;
			files = (
			);
			inputFileListPaths = (
				"${PODS_ROOT}/Target Support Files/Pods-AGC-Crash-2/Pods-AGC-Crash-2-resources-${CONFIGURATION}-input-files.xcfilelist",
			);
			name = "[CP] Copy Pods Resources";
			outputFileListPaths = (
				"${PODS_ROOT}/Target Support Files/Pods-AGC-Crash-2/Pods-AGC-Crash-2-resources-${CONFIGURATION}-output-files.xcfilelist",
			);
			runOnlyForDeploymentPostprocessing = 0;
			shellPath = /bin/sh;
			shellScript = "\"${PODS_ROOT}/Target Support Files/Pods-AGC-Crash-2/Pods-AGC-Crash-2-resources.sh\"\n";
			showEnvVarsInLog = 0;
		};
		8F9CBA2CA74FF7F176607E1F /* [CP] Check Pods Manifest.lock */ = {
			isa = PBXShellScriptBuildPhase;
			buildActionMask = 2147483647;
			files = (
			);
			inputFileListPaths = (
			);
			inputPaths = (
				"${PODS_PODFILE_DIR_PATH}/Podfile.lock",
				"${PODS_ROOT}/Manifest.lock",
			);
			name = "[CP] Check Pods Manifest.lock";
			outputFileListPaths = (
			);
			outputPaths = (
				"$(DERIVED_FILE_DIR)/Pods-AGC-Crash-2-checkManifestLockResult.txt",
			);
			runOnlyForDeploymentPostprocessing = 0;
			shellPath = /bin/sh;
			shellScript = "diff \"${PODS_PODFILE_DIR_PATH}/Podfile.lock\" \"${PODS_ROOT}/Manifest.lock\" > /dev/null\nif [ $? != 0 ] ; then\n    # print error to STDERR\n    echo \"error: The sandbox is not in sync with the Podfile.lock. Run 'pod install' or update your CocoaPods installation.\" >&2\n    exit 1\nfi\n# This output is used by Xcode 'outputs' to avoid re-running this script phase.\necho \"SUCCESS\" > \"${SCRIPT_OUTPUT_FILE_0}\"\n";
			showEnvVarsInLog = 0;
		};
/* End PBXShellScriptBuildPhase section */

/* Begin PBXSourcesBuildPhase section */
		FFA77D4B2840781F0058C7DD /* Sources */ = {
			isa = PBXSourcesBuildPhase;
			buildActionMask = 2147483647;
			files = (
				FFA77D572840781F0058C7DD /* ViewController.swift in Sources */,
				FFA77D532840781F0058C7DD /* AppDelegate.swift in Sources */,
				FFA77D552840781F0058C7DD /* SceneDelegate.swift in Sources */,
			);
			runOnlyForDeploymentPostprocessing = 0;
		};
/* End PBXSourcesBuildPhase section */

/* Begin PBXVariantGroup section */
		FFA77D582840781F0058C7DD /* Main.storyboard */ = {
			isa = PBXVariantGroup;
			children = (
				FFA77D592840781F0058C7DD /* Base */,
			);
			name = Main.storyboard;
			sourceTree = "<group>";
		};
		FFA77D5D284078200058C7DD /* LaunchScreen.storyboard */ = {
			isa = PBXVariantGroup;
			children = (
				FFA77D5E284078200058C7DD /* Base */,
			);
			name = LaunchScreen.storyboard;
			sourceTree = "<group>";
		};
/* End PBXVariantGroup section */

/* Begin XCBuildConfiguration section */
		FFA77D61284078200058C7DD /* Debug */ = {
			isa = XCBuildConfiguration;
			buildSettings = {
				ALWAYS_SEARCH_USER_PATHS = NO;
				CLANG_ANALYZER_NONNULL = YES;
				CLANG_ANALYZER_NUMBER_OBJECT_CONVERSION = YES_AGGRESSIVE;
				CLANG_CXX_LANGUAGE_STANDARD = "gnu++17";
				CLANG_ENABLE_MODULES = YES;
				CLANG_ENABLE_OBJC_ARC = YES;
				CLANG_ENABLE_OBJC_WEAK = YES;
				CLANG_WARN_BLOCK_CAPTURE_AUTORELEASING = YES;
				CLANG_WARN_BOOL_CONVERSION = YES;
				CLANG_WARN_COMMA = YES;
				CLANG_WARN_CONSTANT_CONVERSION = YES;
				CLANG_WARN_DEPRECATED_OBJC_IMPLEMENTATIONS = YES;
				CLANG_WARN_DIRECT_OBJC_ISA_USAGE = YES_ERROR;
				CLANG_WARN_DOCUMENTATION_COMMENTS = YES;
				CLANG_WARN_EMPTY_BODY = YES;
				CLANG_WARN_ENUM_CONVERSION = YES;
				CLANG_WARN_INFINITE_RECURSION = YES;
				CLANG_WARN_INT_CONVERSION = YES;
				CLANG_WARN_NON_LITERAL_NULL_CONVERSION = YES;
				CLANG_WARN_OBJC_IMPLICIT_RETAIN_SELF = YES;
				CLANG_WARN_OBJC_LITERAL_CONVERSION = YES;
				CLANG_WARN_OBJC_ROOT_CLASS = YES_ERROR;
				CLANG_WARN_QUOTED_INCLUDE_IN_FRAMEWORK_HEADER = YES;
				CLANG_WARN_RANGE_LOOP_ANALYSIS = YES;
				CLANG_WARN_STRICT_PROTOTYPES = YES;
				CLANG_WARN_SUSPICIOUS_MOVE = YES;
				CLANG_WARN_UNGUARDED_AVAILABILITY = YES_AGGRESSIVE;
				CLANG_WARN_UNREACHABLE_CODE = YES;
				CLANG_WARN__DUPLICATE_METHOD_MATCH = YES;
				COPY_PHASE_STRIP = NO;
				DEBUG_INFORMATION_FORMAT = dwarf;
				ENABLE_STRICT_OBJC_MSGSEND = YES;
				ENABLE_TESTABILITY = YES;
				GCC_C_LANGUAGE_STANDARD = gnu11;
				GCC_DYNAMIC_NO_PIC = NO;
				GCC_NO_COMMON_BLOCKS = YES;
				GCC_OPTIMIZATION_LEVEL = 0;
				GCC_PREPROCESSOR_DEFINITIONS = (
					"DEBUG=1",
					"$(inherited)",
				);
				GCC_WARN_64_TO_32_BIT_CONVERSION = YES;
				GCC_WARN_ABOUT_RETURN_TYPE = YES_ERROR;
				GCC_WARN_UNDECLARED_SELECTOR = YES;
				GCC_WARN_UNINITIALIZED_AUTOS = YES_AGGRESSIVE;
				GCC_WARN_UNUSED_FUNCTION = YES;
				GCC_WARN_UNUSED_VARIABLE = YES;
				IPHONEOS_DEPLOYMENT_TARGET = 15.4;
				MTL_ENABLE_DEBUG_INFO = INCLUDE_SOURCE;
				MTL_FAST_MATH = YES;
				ONLY_ACTIVE_ARCH = YES;
				SDKROOT = iphoneos;
				SWIFT_ACTIVE_COMPILATION_CONDITIONS = DEBUG;
				SWIFT_OPTIMIZATION_LEVEL = "-Onone";
			};
			name = Debug;
		};
		FFA77D62284078200058C7DD /* Release */ = {
			isa = XCBuildConfiguration;
			buildSettings = {
				ALWAYS_SEARCH_USER_PATHS = NO;
				CLANG_ANALYZER_NONNULL = YES;
				CLANG_ANALYZER_NUMBER_OBJECT_CONVERSION = YES_AGGRESSIVE;
				CLANG_CXX_LANGUAGE_STANDARD = "gnu++17";
				CLANG_ENABLE_MODULES = YES;
				CLANG_ENABLE_OBJC_ARC = YES;
				CLANG_ENABLE_OBJC_WEAK = YES;
				CLANG_WARN_BLOCK_CAPTURE_AUTORELEASING = YES;
				CLANG_WARN_BOOL_CONVERSION = YES;
				CLANG_WARN_COMMA = YES;
				CLANG_WARN_CONSTANT_CONVERSION = YES;
				CLANG_WARN_DEPRECATED_OBJC_IMPLEMENTATIONS = YES;
				CLANG_WARN_DIRECT_OBJC_ISA_USAGE = YES_ERROR;
				CLANG_WARN_DOCUMENTATION_COMMENTS = YES;
				CLANG_WARN_EMPTY_BODY = YES;
				CLANG_WARN_ENUM_CONVERSION = YES;
				CLANG_WARN_INFINITE_RECURSION = YES;
				CLANG_WARN_INT_CONVERSION = YES;
				CLANG_WARN_NON_LITERAL_NULL_CONVERSION = YES;
				CLANG_WARN_OBJC_IMPLICIT_RETAIN_SELF = YES;
				CLANG_WARN_OBJC_LITERAL_CONVERSION = YES;
				CLANG_WARN_OBJC_ROOT_CLASS = YES_ERROR;
				CLANG_WARN_QUOTED_INCLUDE_IN_FRAMEWORK_HEADER = YES;
				CLANG_WARN_RANGE_LOOP_ANALYSIS = YES;
				CLANG_WARN_STRICT_PROTOTYPES = YES;
				CLANG_WARN_SUSPICIOUS_MOVE = YES;
				CLANG_WARN_UNGUARDED_AVAILABILITY = YES_AGGRESSIVE;
				CLANG_WARN_UNREACHABLE_CODE = YES;
				CLANG_WARN__DUPLICATE_METHOD_MATCH = YES;
				COPY_PHASE_STRIP = NO;
				DEBUG_INFORMATION_FORMAT = "dwarf-with-dsym";
				ENABLE_NS_ASSERTIONS = NO;
				ENABLE_STRICT_OBJC_MSGSEND = YES;
				GCC_C_LANGUAGE_STANDARD = gnu11;
				GCC_NO_COMMON_BLOCKS = YES;
				GCC_WARN_64_TO_32_BIT_CONVERSION = YES;
				GCC_WARN_ABOUT_RETURN_TYPE = YES_ERROR;
				GCC_WARN_UNDECLARED_SELECTOR = YES;
				GCC_WARN_UNINITIALIZED_AUTOS = YES_AGGRESSIVE;
				GCC_WARN_UNUSED_FUNCTION = YES;
				GCC_WARN_UNUSED_VARIABLE = YES;
				IPHONEOS_DEPLOYMENT_TARGET = 15.4;
				MTL_ENABLE_DEBUG_INFO = NO;
				MTL_FAST_MATH = YES;
				SDKROOT = iphoneos;
				SWIFT_COMPILATION_MODE = wholemodule;
				SWIFT_OPTIMIZATION_LEVEL = "-O";
				VALIDATE_PRODUCT = YES;
			};
			name = Release;
		};
		FFA77D64284078200058C7DD /* Debug */ = {
			isa = XCBuildConfiguration;
			baseConfigurationReference = 7845AECF8F1C9DD3042C0D96 /* Pods-AGC-Crash-2.debug.xcconfig */;
			buildSettings = {
				ASSETCATALOG_COMPILER_APPICON_NAME = AppIcon;
				ASSETCATALOG_COMPILER_GLOBAL_ACCENT_COLOR_NAME = AccentColor;
				CODE_SIGN_STYLE = Automatic;
				CURRENT_PROJECT_VERSION = 1;
				GENERATE_INFOPLIST_FILE = YES;
				INFOPLIST_FILE = "AGC-Crash-2/Info.plist";
				INFOPLIST_KEY_UIApplicationSupportsIndirectInputEvents = YES;
				INFOPLIST_KEY_UILaunchStoryboardName = LaunchScreen;
				INFOPLIST_KEY_UIMainStoryboardFile = Main;
				INFOPLIST_KEY_UISupportedInterfaceOrientations_iPad = "UIInterfaceOrientationPortrait UIInterfaceOrientationPortraitUpsideDown UIInterfaceOrientationLandscapeLeft UIInterfaceOrientationLandscapeRight";
				INFOPLIST_KEY_UISupportedInterfaceOrientations_iPhone = "UIInterfaceOrientationPortrait UIInterfaceOrientationLandscapeLeft UIInterfaceOrientationLandscapeRight";
				LD_RUNPATH_SEARCH_PATHS = (
					"$(inherited)",
					"@executable_path/Frameworks",
				);
				MARKETING_VERSION = 1.0;
				PRODUCT_BUNDLE_IDENTIFIER = com.lucky.agc.demo;
				PRODUCT_NAME = "$(TARGET_NAME)";
				SWIFT_EMIT_LOC_STRINGS = YES;
				SWIFT_VERSION = 5.0;
				TARGETED_DEVICE_FAMILY = "1,2";
			};
			name = Debug;
		};
		FFA77D65284078200058C7DD /* Release */ = {
			isa = XCBuildConfiguration;
			baseConfigurationReference = 6B7211ECE68C46AF789775FA /* Pods-AGC-Crash-2.release.xcconfig */;
			buildSettings = {
				ASSETCATALOG_COMPILER_APPICON_NAME = AppIcon;
				ASSETCATALOG_COMPILER_GLOBAL_ACCENT_COLOR_NAME = AccentColor;
				CODE_SIGN_STYLE = Automatic;
				CURRENT_PROJECT_VERSION = 1;
				GENERATE_INFOPLIST_FILE = YES;
				INFOPLIST_FILE = "AGC-Crash-2/Info.plist";
				INFOPLIST_KEY_UIApplicationSupportsIndirectInputEvents = YES;
				INFOPLIST_KEY_UILaunchStoryboardName = LaunchScreen;
				INFOPLIST_KEY_UIMainStoryboardFile = Main;
				INFOPLIST_KEY_UISupportedInterfaceOrientations_iPad = "UIInterfaceOrientationPortrait UIInterfaceOrientationPortraitUpsideDown UIInterfaceOrientationLandscapeLeft UIInterfaceOrientationLandscapeRight";
				INFOPLIST_KEY_UISupportedInterfaceOrientations_iPhone = "UIInterfaceOrientationPortrait UIInterfaceOrientationLandscapeLeft UIInterfaceOrientationLandscapeRight";
				LD_RUNPATH_SEARCH_PATHS = (
					"$(inherited)",
					"@executable_path/Frameworks",
				);
				MARKETING_VERSION = 1.0;
				PRODUCT_BUNDLE_IDENTIFIER = com.lucky.agc.demo;
				PRODUCT_NAME = "$(TARGET_NAME)";
				SWIFT_EMIT_LOC_STRINGS = YES;
				SWIFT_VERSION = 5.0;
				TARGETED_DEVICE_FAMILY = "1,2";
			};
			name = Release;
		};
/* End XCBuildConfiguration section */

/* Begin XCConfigurationList section */
		FFA77D4A2840781F0058C7DD /* Build configuration list for PBXProject "AGC-Crash-2" */ = {
			isa = XCConfigurationList;
			buildConfigurations = (
				FFA77D61284078200058C7DD /* Debug */,
				FFA77D62284078200058C7DD /* Release */,
			);
			defaultConfigurationIsVisible = 0;
			defaultConfigurationName = Release;
		};
		FFA77D63284078200058C7DD /* Build configuration list for PBXNativeTarget "AGC-Crash-2" */ = {
			isa = XCConfigurationList;
			buildConfigurations = (
				FFA77D64284078200058C7DD /* Debug */,
				FFA77D65284078200058C7DD /* Release */,
			);
			defaultConfigurationIsVisible = 0;
			defaultConfigurationName = Release;
		};
/* End XCConfigurationList section */
	};
	rootObject = FFA77D472840781F0058C7DD /* Project object */;
}
