
Microsoft Visual Studio Solution File, Format Version 12.00
# Visual Studio Version 16
VisualStudioVersion = 16.0.31205.134
MinimumVisualStudioVersion = 10.0.40219.1
Project("{FAE04EC0-301F-11D3-BF4B-00C04F79EFBC}") = "XamarinAGCDemo", "XamarinAGCDemo.csproj", "{037BDBAC-0722-42D1-9CA7-73B25227DDEC}"
EndProject
Global
	GlobalSection(SolutionConfigurationPlatforms) = preSolution
		Debug|Any CPU = Debug|Any CPU
		Release|Any CPU = Release|Any CPU
	EndGlobalSection
	GlobalSection(ProjectConfigurationPlatforms) = postSolution
		{037BDBAC-0722-42D1-9CA7-73B25227DDEC}.Debug|Any CPU.ActiveCfg = Debug|Any CPU
		{037BDBAC-0722-42D1-9CA7-73B25227DDEC}.Debug|Any CPU.Build.0 = Debug|Any CPU
		{037BDBAC-0722-42D1-9CA7-73B25227DDEC}.Debug|Any CPU.Deploy.0 = Debug|Any CPU
		{037BDBAC-0722-42D1-9CA7-73B25227DDEC}.Release|Any CPU.ActiveCfg = Release|Any CPU
		{037BDBAC-0722-42D1-9CA7-73B25227DDEC}.Release|Any CPU.Build.0 = Release|Any CPU
		{037BDBAC-0722-42D1-9CA7-73B25227DDEC}.Release|Any CPU.Deploy.0 = Release|Any CPU
	EndGlobalSection
	GlobalSection(SolutionProperties) = preSolution
		HideSolutionNode = FALSE
	EndGlobalSection
	GlobalSection(ExtensibilityGlobals) = postSolution
		SolutionGuid = {8F37CC6C-E2AE-41A2-A183-A70419CAB8DB}
	EndGlobalSection
EndGlobal
